// !$*UTF8*$!
{
	archiveVersion = 1;
	classes = {
	};
	objectVersion = 56;
	objects = {

/* Begin PBXBuildFile section */
		310E78412BA2F52300E24C7E /* SettingViewModel.swift in Sources */ = {isa = PBXBuildFile; fileRef = 310E78402BA2F52300E24C7E /* SettingViewModel.swift */; };
		310E78432BA2FC2000E24C7E /* UIDevice+extension.swift in Sources */ = {isa = PBXBuildFile; fileRef = 310E78422BA2FC2000E24C7E /* UIDevice+extension.swift */; };
		310E784C2BA3051F00E24C7E /* CustomAlertViewController.xib in Resources */ = {isa = PBXBuildFile; fileRef = 310E784B2BA3051F00E24C7E /* CustomAlertViewController.xib */; };
		310E784D2BA3051F00E24C7E /* CustomAlertViewController.swift in Sources */ = {isa = PBXBuildFile; fileRef = 310E784A2BA3051F00E24C7E /* CustomAlertViewController.swift */; };
		310E78502BA3098B00E24C7E /* CustomAlertViewModel.swift in Sources */ = {isa = PBXBuildFile; fileRef = 310E784F2BA3098B00E24C7E /* CustomAlertViewModel.swift */; };
		310E78522BA312C400E24C7E /* AlertBuilder.swift in Sources */ = {isa = PBXBuildFile; fileRef = 310E78512BA312C400E24C7E /* AlertBuilder.swift */; };
		315A9FA12BA036E900C1CF63 /* String+extension.swift in Sources */ = {isa = PBXBuildFile; fileRef = 315A9FA02BA036E900C1CF63 /* String+extension.swift */; };
		315A9FA42BA03BA000C1CF63 /* TodoHeaderSupplementaryView.xib in Resources */ = {isa = PBXBuildFile; fileRef = 315A9FA32BA03BA000C1CF63 /* TodoHeaderSupplementaryView.xib */; };
		315A9FA52BA03BA000C1CF63 /* TodoHeaderSupplementaryView.swift in Sources */ = {isa = PBXBuildFile; fileRef = 315A9FA22BA03BA000C1CF63 /* TodoHeaderSupplementaryView.swift */; };
		315A9FA72BA03D0F00C1CF63 /* TodoSection.swift in Sources */ = {isa = PBXBuildFile; fileRef = 315A9FA62BA03D0F00C1CF63 /* TodoSection.swift */; };
		315A9FA92BA03EB900C1CF63 /* HomeSegmentedControl.xib in Resources */ = {isa = PBXBuildFile; fileRef = 315A9FA82BA03EB900C1CF63 /* HomeSegmentedControl.xib */; };
		315A9FAB2BA0413700C1CF63 /* UICollectionView+extension.swift in Sources */ = {isa = PBXBuildFile; fileRef = 315A9FAA2BA0413700C1CF63 /* UICollectionView+extension.swift */; };
		315A9FAE2BA0441F00C1CF63 /* HomeViewModel.swift in Sources */ = {isa = PBXBuildFile; fileRef = 315A9FAD2BA0441F00C1CF63 /* HomeViewModel.swift */; };
		315A9FB02BA044BD00C1CF63 /* ViewModel.swift in Sources */ = {isa = PBXBuildFile; fileRef = 315A9FAF2BA044BD00C1CF63 /* ViewModel.swift */; };
		315D0DF72BA1A85100F647DB /* AddTodoViewModel.swift in Sources */ = {isa = PBXBuildFile; fileRef = 315D0DF62BA1A85100F647DB /* AddTodoViewModel.swift */; };
		315D0DF92BA1B85900F647DB /* RepeatType.swift in Sources */ = {isa = PBXBuildFile; fileRef = 315D0DF82BA1B85900F647DB /* RepeatType.swift */; };
		3172542B2B99AE2600ED3E25 /* AppDelegate.swift in Sources */ = {isa = PBXBuildFile; fileRef = 3172542A2B99AE2600ED3E25 /* AppDelegate.swift */; };
		3172542D2B99AE2600ED3E25 /* SceneDelegate.swift in Sources */ = {isa = PBXBuildFile; fileRef = 3172542C2B99AE2600ED3E25 /* SceneDelegate.swift */; };
		317254342B99AE2700ED3E25 /* Assets.xcassets in Resources */ = {isa = PBXBuildFile; fileRef = 317254332B99AE2700ED3E25 /* Assets.xcassets */; };
		317254372B99AE2700ED3E25 /* LaunchScreen.storyboard in Resources */ = {isa = PBXBuildFile; fileRef = 317254352B99AE2700ED3E25 /* LaunchScreen.storyboard */; };
		317254422B99AE2800ED3E25 /* GangyebabTests.swift in Sources */ = {isa = PBXBuildFile; fileRef = 317254412B99AE2800ED3E25 /* GangyebabTests.swift */; };
		3172544C2B99AE2800ED3E25 /* GangyebabUITests.swift in Sources */ = {isa = PBXBuildFile; fileRef = 3172544B2B99AE2800ED3E25 /* GangyebabUITests.swift */; };
		3172544E2B99AE2800ED3E25 /* GangyebabUITestsLaunchTests.swift in Sources */ = {isa = PBXBuildFile; fileRef = 3172544D2B99AE2800ED3E25 /* GangyebabUITestsLaunchTests.swift */; };
		3172545D2B99AFC800ED3E25 /* NavigationViewController.swift in Sources */ = {isa = PBXBuildFile; fileRef = 3172545C2B99AFC800ED3E25 /* NavigationViewController.swift */; };
		3172545F2B99B00700ED3E25 /* TabViewController.swift in Sources */ = {isa = PBXBuildFile; fileRef = 3172545E2B99B00700ED3E25 /* TabViewController.swift */; };
		317254662B99B17E00ED3E25 /* HomeViewController.swift in Sources */ = {isa = PBXBuildFile; fileRef = 317254642B99B17E00ED3E25 /* HomeViewController.swift */; };
		317254672B99B17E00ED3E25 /* HomeViewController.xib in Resources */ = {isa = PBXBuildFile; fileRef = 317254652B99B17E00ED3E25 /* HomeViewController.xib */; };
		3172546B2B99B19200ED3E25 /* SettingViewController.swift in Sources */ = {isa = PBXBuildFile; fileRef = 317254692B99B19200ED3E25 /* SettingViewController.swift */; };
		3172546C2B99B19200ED3E25 /* SettingViewController.xib in Resources */ = {isa = PBXBuildFile; fileRef = 3172546A2B99B19200ED3E25 /* SettingViewController.xib */; };
		317696B82BA195B000B2C6BF /* AddTodoViewController.xib in Resources */ = {isa = PBXBuildFile; fileRef = 317696B72BA195B000B2C6BF /* AddTodoViewController.xib */; };
		317696B92BA195B000B2C6BF /* AddTodoViewController.swift in Sources */ = {isa = PBXBuildFile; fileRef = 317696B62BA195B000B2C6BF /* AddTodoViewController.swift */; };
		31B880422B9E0FDE0087A7A8 /* Font+Extensions.swift in Sources */ = {isa = PBXBuildFile; fileRef = 31B880412B9E0FDE0087A7A8 /* Font+Extensions.swift */; };
		31B880442B9E10770087A7A8 /* NSObject+extenstions.swift in Sources */ = {isa = PBXBuildFile; fileRef = 31B880432B9E10770087A7A8 /* NSObject+extenstions.swift */; };
		31D34D5D2BA7FF100022088B /* WidgetKit.framework in Frameworks */ = {isa = PBXBuildFile; fileRef = 31D34D5C2BA7FF100022088B /* WidgetKit.framework */; };
		31D34D5F2BA7FF100022088B /* SwiftUI.framework in Frameworks */ = {isa = PBXBuildFile; fileRef = 31D34D5E2BA7FF100022088B /* SwiftUI.framework */; };
		31D34D622BA7FF100022088B /* GangyebabWidgetBundle.swift in Sources */ = {isa = PBXBuildFile; fileRef = 31D34D612BA7FF100022088B /* GangyebabWidgetBundle.swift */; };
		31D34D642BA7FF100022088B /* GangyebabWidgetLiveActivity.swift in Sources */ = {isa = PBXBuildFile; fileRef = 31D34D632BA7FF100022088B /* GangyebabWidgetLiveActivity.swift */; };
		31D34D662BA7FF100022088B /* GangyebabWidget.swift in Sources */ = {isa = PBXBuildFile; fileRef = 31D34D652BA7FF100022088B /* GangyebabWidget.swift */; };
		31D34D682BA7FF100022088B /* AppIntent.swift in Sources */ = {isa = PBXBuildFile; fileRef = 31D34D672BA7FF100022088B /* AppIntent.swift */; };
		31D34D6A2BA7FF110022088B /* Assets.xcassets in Resources */ = {isa = PBXBuildFile; fileRef = 31D34D692BA7FF110022088B /* Assets.xcassets */; };
		31D34D6E2BA7FF110022088B /* GangyebabWidgetExtension.appex in Embed Foundation Extensions */ = {isa = PBXBuildFile; fileRef = 31D34D5A2BA7FF100022088B /* GangyebabWidgetExtension.appex */; settings = {ATTRIBUTES = (RemoveHeadersOnCopy, ); }; };
		31D496E12BA017D5001FA5FE /* HomeSegmentedControl.swift in Sources */ = {isa = PBXBuildFile; fileRef = 31D496E02BA017D5001FA5FE /* HomeSegmentedControl.swift */; };
		31D496E52BA019DC001FA5FE /* UIView+extensions.swift in Sources */ = {isa = PBXBuildFile; fileRef = 31D496E42BA019DC001FA5FE /* UIView+extensions.swift */; };
		31D496E72BA01A98001FA5FE /* UIButton+extension.swift in Sources */ = {isa = PBXBuildFile; fileRef = 31D496E62BA01A98001FA5FE /* UIButton+extension.swift */; };
		31D496EA2BA01AF4001FA5FE /* CombineCocoa in Frameworks */ = {isa = PBXBuildFile; productRef = 31D496E92BA01AF4001FA5FE /* CombineCocoa */; };
		31D496ED2BA021E2001FA5FE /* FSCalendar in Frameworks */ = {isa = PBXBuildFile; productRef = 31D496EC2BA021E2001FA5FE /* FSCalendar */; };
		31D496F02BA02BB4001FA5FE /* TodoCollectionViewCell.xib in Resources */ = {isa = PBXBuildFile; fileRef = 31D496EF2BA02BB4001FA5FE /* TodoCollectionViewCell.xib */; };
		31D496F12BA02BB4001FA5FE /* TodoCollectionViewCell.swift in Sources */ = {isa = PBXBuildFile; fileRef = 31D496EE2BA02BB4001FA5FE /* TodoCollectionViewCell.swift */; };
		31D496F92BA02CA1001FA5FE /* Importance.swift in Sources */ = {isa = PBXBuildFile; fileRef = 31D496F82BA02CA1001FA5FE /* Importance.swift */; };
		31D496FA2BA02EAB001FA5FE /* omyu_pretty.ttf in Resources */ = {isa = PBXBuildFile; fileRef = 31B8803F2B9E0F8E0087A7A8 /* omyu_pretty.ttf */; };
		31D496FB2BA02EAB001FA5FE /* SOYO-Maple-Bold.otf in Resources */ = {isa = PBXBuildFile; fileRef = 31B8803E2B9E0F6C0087A7A8 /* SOYO-Maple-Bold.otf */; };
		31D496FC2BA02EAB001FA5FE /* SOYO-Maple-Regular.otf in Resources */ = {isa = PBXBuildFile; fileRef = 31B8803D2B9E0F6C0087A7A8 /* SOYO-Maple-Regular.otf */; };
		31E9CE842BA6BF7300B52CD8 /* TodoModel.swift in Sources */ = {isa = PBXBuildFile; fileRef = 31E9CE832BA6BF7300B52CD8 /* TodoModel.swift */; };
		31E9CE862BA6BF7C00B52CD8 /* RepeatRuleModel.swift in Sources */ = {isa = PBXBuildFile; fileRef = 31E9CE852BA6BF7C00B52CD8 /* RepeatRuleModel.swift */; };
		31E9CE882BA6C04800B52CD8 /* DBManager.swift in Sources */ = {isa = PBXBuildFile; fileRef = 31E9CE872BA6C04800B52CD8 /* DBManager.swift */; };
		31E9CE8A2BA6DEE000B52CD8 /* DateManager.swift in Sources */ = {isa = PBXBuildFile; fileRef = 31E9CE892BA6DEE000B52CD8 /* DateManager.swift */; };
/* End PBXBuildFile section */

/* Begin PBXContainerItemProxy section */
		3172543E2B99AE2800ED3E25 /* PBXContainerItemProxy */ = {
			isa = PBXContainerItemProxy;
			containerPortal = 3172541F2B99AE2600ED3E25 /* Project object */;
			proxyType = 1;
			remoteGlobalIDString = 317254262B99AE2600ED3E25;
			remoteInfo = Gangyebab;
		};
		317254482B99AE2800ED3E25 /* PBXContainerItemProxy */ = {
			isa = PBXContainerItemProxy;
			containerPortal = 3172541F2B99AE2600ED3E25 /* Project object */;
			proxyType = 1;
			remoteGlobalIDString = 317254262B99AE2600ED3E25;
			remoteInfo = Gangyebab;
		};
		31D34D6C2BA7FF110022088B /* PBXContainerItemProxy */ = {
			isa = PBXContainerItemProxy;
			containerPortal = 3172541F2B99AE2600ED3E25 /* Project object */;
			proxyType = 1;
			remoteGlobalIDString = 31D34D592BA7FF100022088B;
			remoteInfo = GangyebabWidgetExtension;
		};
/* End PBXContainerItemProxy section */

/* Begin PBXCopyFilesBuildPhase section */
		31D34D6F2BA7FF110022088B /* Embed Foundation Extensions */ = {
			isa = PBXCopyFilesBuildPhase;
			buildActionMask = 2147483647;
			dstPath = "";
			dstSubfolderSpec = 13;
			files = (
				31D34D6E2BA7FF110022088B /* GangyebabWidgetExtension.appex in Embed Foundation Extensions */,
			);
			name = "Embed Foundation Extensions";
			runOnlyForDeploymentPostprocessing = 0;
		};
/* End PBXCopyFilesBuildPhase section */

/* Begin PBXFileReference section */
		310E78402BA2F52300E24C7E /* SettingViewModel.swift */ = {isa = PBXFileReference; lastKnownFileType = sourcecode.swift; path = SettingViewModel.swift; sourceTree = "<group>"; };
		310E78422BA2FC2000E24C7E /* UIDevice+extension.swift */ = {isa = PBXFileReference; lastKnownFileType = sourcecode.swift; path = "UIDevice+extension.swift"; sourceTree = "<group>"; };
		310E784A2BA3051F00E24C7E /* CustomAlertViewController.swift */ = {isa = PBXFileReference; lastKnownFileType = sourcecode.swift; path = CustomAlertViewController.swift; sourceTree = "<group>"; };
		310E784B2BA3051F00E24C7E /* CustomAlertViewController.xib */ = {isa = PBXFileReference; lastKnownFileType = file.xib; path = CustomAlertViewController.xib; sourceTree = "<group>"; };
		310E784F2BA3098B00E24C7E /* CustomAlertViewModel.swift */ = {isa = PBXFileReference; lastKnownFileType = sourcecode.swift; path = CustomAlertViewModel.swift; sourceTree = "<group>"; };
		310E78512BA312C400E24C7E /* AlertBuilder.swift */ = {isa = PBXFileReference; lastKnownFileType = sourcecode.swift; path = AlertBuilder.swift; sourceTree = "<group>"; };
		315A9FA02BA036E900C1CF63 /* String+extension.swift */ = {isa = PBXFileReference; lastKnownFileType = sourcecode.swift; path = "String+extension.swift"; sourceTree = "<group>"; };
		315A9FA22BA03BA000C1CF63 /* TodoHeaderSupplementaryView.swift */ = {isa = PBXFileReference; lastKnownFileType = sourcecode.swift; path = TodoHeaderSupplementaryView.swift; sourceTree = "<group>"; };
		315A9FA32BA03BA000C1CF63 /* TodoHeaderSupplementaryView.xib */ = {isa = PBXFileReference; lastKnownFileType = file.xib; path = TodoHeaderSupplementaryView.xib; sourceTree = "<group>"; };
		315A9FA62BA03D0F00C1CF63 /* TodoSection.swift */ = {isa = PBXFileReference; lastKnownFileType = sourcecode.swift; path = TodoSection.swift; sourceTree = "<group>"; };
		315A9FA82BA03EB900C1CF63 /* HomeSegmentedControl.xib */ = {isa = PBXFileReference; lastKnownFileType = file.xib; path = HomeSegmentedControl.xib; sourceTree = "<group>"; };
		315A9FAA2BA0413700C1CF63 /* UICollectionView+extension.swift */ = {isa = PBXFileReference; lastKnownFileType = sourcecode.swift; path = "UICollectionView+extension.swift"; sourceTree = "<group>"; };
		315A9FAD2BA0441F00C1CF63 /* HomeViewModel.swift */ = {isa = PBXFileReference; lastKnownFileType = sourcecode.swift; path = HomeViewModel.swift; sourceTree = "<group>"; };
		315A9FAF2BA044BD00C1CF63 /* ViewModel.swift */ = {isa = PBXFileReference; lastKnownFileType = sourcecode.swift; path = ViewModel.swift; sourceTree = "<group>"; };
		315D0DF62BA1A85100F647DB /* AddTodoViewModel.swift */ = {isa = PBXFileReference; lastKnownFileType = sourcecode.swift; path = AddTodoViewModel.swift; sourceTree = "<group>"; };
		315D0DF82BA1B85900F647DB /* RepeatType.swift */ = {isa = PBXFileReference; lastKnownFileType = sourcecode.swift; path = RepeatType.swift; sourceTree = "<group>"; };
		317254272B99AE2600ED3E25 /* Gangyebab.app */ = {isa = PBXFileReference; explicitFileType = wrapper.application; includeInIndex = 0; path = Gangyebab.app; sourceTree = BUILT_PRODUCTS_DIR; };
		3172542A2B99AE2600ED3E25 /* AppDelegate.swift */ = {isa = PBXFileReference; lastKnownFileType = sourcecode.swift; path = AppDelegate.swift; sourceTree = "<group>"; };
		3172542C2B99AE2600ED3E25 /* SceneDelegate.swift */ = {isa = PBXFileReference; lastKnownFileType = sourcecode.swift; path = SceneDelegate.swift; sourceTree = "<group>"; };
		317254332B99AE2700ED3E25 /* Assets.xcassets */ = {isa = PBXFileReference; lastKnownFileType = folder.assetcatalog; path = Assets.xcassets; sourceTree = "<group>"; };
		317254362B99AE2700ED3E25 /* Base */ = {isa = PBXFileReference; lastKnownFileType = file.storyboard; name = Base; path = Base.lproj/LaunchScreen.storyboard; sourceTree = "<group>"; };
		317254382B99AE2700ED3E25 /* Info.plist */ = {isa = PBXFileReference; lastKnownFileType = text.plist.xml; path = Info.plist; sourceTree = "<group>"; };
		3172543D2B99AE2800ED3E25 /* GangyebabTests.xctest */ = {isa = PBXFileReference; explicitFileType = wrapper.cfbundle; includeInIndex = 0; path = GangyebabTests.xctest; sourceTree = BUILT_PRODUCTS_DIR; };
		317254412B99AE2800ED3E25 /* GangyebabTests.swift */ = {isa = PBXFileReference; lastKnownFileType = sourcecode.swift; path = GangyebabTests.swift; sourceTree = "<group>"; };
		317254472B99AE2800ED3E25 /* GangyebabUITests.xctest */ = {isa = PBXFileReference; explicitFileType = wrapper.cfbundle; includeInIndex = 0; path = GangyebabUITests.xctest; sourceTree = BUILT_PRODUCTS_DIR; };
		3172544B2B99AE2800ED3E25 /* GangyebabUITests.swift */ = {isa = PBXFileReference; lastKnownFileType = sourcecode.swift; path = GangyebabUITests.swift; sourceTree = "<group>"; };
		3172544D2B99AE2800ED3E25 /* GangyebabUITestsLaunchTests.swift */ = {isa = PBXFileReference; lastKnownFileType = sourcecode.swift; path = GangyebabUITestsLaunchTests.swift; sourceTree = "<group>"; };
		3172545C2B99AFC800ED3E25 /* NavigationViewController.swift */ = {isa = PBXFileReference; lastKnownFileType = sourcecode.swift; path = NavigationViewController.swift; sourceTree = "<group>"; };
		3172545E2B99B00700ED3E25 /* TabViewController.swift */ = {isa = PBXFileReference; lastKnownFileType = sourcecode.swift; path = TabViewController.swift; sourceTree = "<group>"; };
		317254642B99B17E00ED3E25 /* HomeViewController.swift */ = {isa = PBXFileReference; lastKnownFileType = sourcecode.swift; path = HomeViewController.swift; sourceTree = "<group>"; };
		317254652B99B17E00ED3E25 /* HomeViewController.xib */ = {isa = PBXFileReference; lastKnownFileType = file.xib; path = HomeViewController.xib; sourceTree = "<group>"; };
		317254692B99B19200ED3E25 /* SettingViewController.swift */ = {isa = PBXFileReference; lastKnownFileType = sourcecode.swift; path = SettingViewController.swift; sourceTree = "<group>"; };
		3172546A2B99B19200ED3E25 /* SettingViewController.xib */ = {isa = PBXFileReference; lastKnownFileType = file.xib; path = SettingViewController.xib; sourceTree = "<group>"; };
		317696B62BA195B000B2C6BF /* AddTodoViewController.swift */ = {isa = PBXFileReference; lastKnownFileType = sourcecode.swift; path = AddTodoViewController.swift; sourceTree = "<group>"; };
		317696B72BA195B000B2C6BF /* AddTodoViewController.xib */ = {isa = PBXFileReference; lastKnownFileType = file.xib; path = AddTodoViewController.xib; sourceTree = "<group>"; };
		31B8803D2B9E0F6C0087A7A8 /* SOYO-Maple-Regular.otf */ = {isa = PBXFileReference; lastKnownFileType = file; path = "SOYO-Maple-Regular.otf"; sourceTree = "<group>"; };
		31B8803E2B9E0F6C0087A7A8 /* SOYO-Maple-Bold.otf */ = {isa = PBXFileReference; lastKnownFileType = file; path = "SOYO-Maple-Bold.otf"; sourceTree = "<group>"; };
		31B8803F2B9E0F8E0087A7A8 /* omyu_pretty.ttf */ = {isa = PBXFileReference; lastKnownFileType = file; path = omyu_pretty.ttf; sourceTree = "<group>"; };
		31B880412B9E0FDE0087A7A8 /* Font+Extensions.swift */ = {isa = PBXFileReference; lastKnownFileType = sourcecode.swift; path = "Font+Extensions.swift"; sourceTree = "<group>"; };
		31B880432B9E10770087A7A8 /* NSObject+extenstions.swift */ = {isa = PBXFileReference; lastKnownFileType = sourcecode.swift; path = "NSObject+extenstions.swift"; sourceTree = "<group>"; };
		31D34D5A2BA7FF100022088B /* GangyebabWidgetExtension.appex */ = {isa = PBXFileReference; explicitFileType = "wrapper.app-extension"; includeInIndex = 0; path = GangyebabWidgetExtension.appex; sourceTree = BUILT_PRODUCTS_DIR; };
		31D34D5C2BA7FF100022088B /* WidgetKit.framework */ = {isa = PBXFileReference; lastKnownFileType = wrapper.framework; name = WidgetKit.framework; path = System/Library/Frameworks/WidgetKit.framework; sourceTree = SDKROOT; };
		31D34D5E2BA7FF100022088B /* SwiftUI.framework */ = {isa = PBXFileReference; lastKnownFileType = wrapper.framework; name = SwiftUI.framework; path = System/Library/Frameworks/SwiftUI.framework; sourceTree = SDKROOT; };
		31D34D612BA7FF100022088B /* GangyebabWidgetBundle.swift */ = {isa = PBXFileReference; lastKnownFileType = sourcecode.swift; path = GangyebabWidgetBundle.swift; sourceTree = "<group>"; };
		31D34D632BA7FF100022088B /* GangyebabWidgetLiveActivity.swift */ = {isa = PBXFileReference; lastKnownFileType = sourcecode.swift; path = GangyebabWidgetLiveActivity.swift; sourceTree = "<group>"; };
		31D34D652BA7FF100022088B /* GangyebabWidget.swift */ = {isa = PBXFileReference; lastKnownFileType = sourcecode.swift; path = GangyebabWidget.swift; sourceTree = "<group>"; };
		31D34D672BA7FF100022088B /* AppIntent.swift */ = {isa = PBXFileReference; lastKnownFileType = sourcecode.swift; path = AppIntent.swift; sourceTree = "<group>"; };
		31D34D692BA7FF110022088B /* Assets.xcassets */ = {isa = PBXFileReference; lastKnownFileType = folder.assetcatalog; path = Assets.xcassets; sourceTree = "<group>"; };
		31D34D6B2BA7FF110022088B /* Info.plist */ = {isa = PBXFileReference; lastKnownFileType = text.plist.xml; path = Info.plist; sourceTree = "<group>"; };
		31D496E02BA017D5001FA5FE /* HomeSegmentedControl.swift */ = {isa = PBXFileReference; lastKnownFileType = sourcecode.swift; path = HomeSegmentedControl.swift; sourceTree = "<group>"; };
		31D496E42BA019DC001FA5FE /* UIView+extensions.swift */ = {isa = PBXFileReference; lastKnownFileType = sourcecode.swift; path = "UIView+extensions.swift"; sourceTree = "<group>"; };
		31D496E62BA01A98001FA5FE /* UIButton+extension.swift */ = {isa = PBXFileReference; lastKnownFileType = sourcecode.swift; path = "UIButton+extension.swift"; sourceTree = "<group>"; };
		31D496EE2BA02BB4001FA5FE /* TodoCollectionViewCell.swift */ = {isa = PBXFileReference; lastKnownFileType = sourcecode.swift; path = TodoCollectionViewCell.swift; sourceTree = "<group>"; };
		31D496EF2BA02BB4001FA5FE /* TodoCollectionViewCell.xib */ = {isa = PBXFileReference; lastKnownFileType = file.xib; path = TodoCollectionViewCell.xib; sourceTree = "<group>"; };
		31D496F82BA02CA1001FA5FE /* Importance.swift */ = {isa = PBXFileReference; lastKnownFileType = sourcecode.swift; path = Importance.swift; sourceTree = "<group>"; };
		31E9CE832BA6BF7300B52CD8 /* TodoModel.swift */ = {isa = PBXFileReference; lastKnownFileType = sourcecode.swift; path = TodoModel.swift; sourceTree = "<group>"; };
		31E9CE852BA6BF7C00B52CD8 /* RepeatRuleModel.swift */ = {isa = PBXFileReference; lastKnownFileType = sourcecode.swift; path = RepeatRuleModel.swift; sourceTree = "<group>"; };
		31E9CE872BA6C04800B52CD8 /* DBManager.swift */ = {isa = PBXFileReference; lastKnownFileType = sourcecode.swift; path = DBManager.swift; sourceTree = "<group>"; };
		31E9CE892BA6DEE000B52CD8 /* DateManager.swift */ = {isa = PBXFileReference; lastKnownFileType = sourcecode.swift; path = DateManager.swift; sourceTree = "<group>"; };
/* End PBXFileReference section */

/* Begin PBXFrameworksBuildPhase section */
		317254242B99AE2600ED3E25 /* Frameworks */ = {
			isa = PBXFrameworksBuildPhase;
			buildActionMask = 2147483647;
			files = (
				31D496EA2BA01AF4001FA5FE /* CombineCocoa in Frameworks */,
				31D496ED2BA021E2001FA5FE /* FSCalendar in Frameworks */,
			);
			runOnlyForDeploymentPostprocessing = 0;
		};
		3172543A2B99AE2800ED3E25 /* Frameworks */ = {
			isa = PBXFrameworksBuildPhase;
			buildActionMask = 2147483647;
			files = (
			);
			runOnlyForDeploymentPostprocessing = 0;
		};
		317254442B99AE2800ED3E25 /* Frameworks */ = {
			isa = PBXFrameworksBuildPhase;
			buildActionMask = 2147483647;
			files = (
			);
			runOnlyForDeploymentPostprocessing = 0;
		};
		31D34D572BA7FF100022088B /* Frameworks */ = {
			isa = PBXFrameworksBuildPhase;
			buildActionMask = 2147483647;
			files = (
				31D34D5F2BA7FF100022088B /* SwiftUI.framework in Frameworks */,
				31D34D5D2BA7FF100022088B /* WidgetKit.framework in Frameworks */,
			);
			runOnlyForDeploymentPostprocessing = 0;
		};
/* End PBXFrameworksBuildPhase section */

/* Begin PBXGroup section */
		310E783F2BA2F51700E24C7E /* ViewModel */ = {
			isa = PBXGroup;
			children = (
				310E78402BA2F52300E24C7E /* SettingViewModel.swift */,
			);
			path = ViewModel;
			sourceTree = "<group>";
		};
		310E78442BA302C200E24C7E /* Alert */ = {
			isa = PBXGroup;
			children = (
				310E784E2BA3097E00E24C7E /* ViewModel */,
				310E78452BA304D100E24C7E /* View */,
				310E78512BA312C400E24C7E /* AlertBuilder.swift */,
			);
			path = Alert;
			sourceTree = "<group>";
		};
		310E78452BA304D100E24C7E /* View */ = {
			isa = PBXGroup;
			children = (
				310E784A2BA3051F00E24C7E /* CustomAlertViewController.swift */,
				310E784B2BA3051F00E24C7E /* CustomAlertViewController.xib */,
			);
			path = View;
			sourceTree = "<group>";
		};
		310E784E2BA3097E00E24C7E /* ViewModel */ = {
			isa = PBXGroup;
			children = (
				310E784F2BA3098B00E24C7E /* CustomAlertViewModel.swift */,
			);
			path = ViewModel;
			sourceTree = "<group>";
		};
		315A9FAC2BA0441400C1CF63 /* ViewModel */ = {
			isa = PBXGroup;
			children = (
				315A9FAD2BA0441F00C1CF63 /* HomeViewModel.swift */,
			);
			path = ViewModel;
			sourceTree = "<group>";
		};
		315D0DF52BA1A84300F647DB /* ViewModel */ = {
			isa = PBXGroup;
			children = (
				315D0DF62BA1A85100F647DB /* AddTodoViewModel.swift */,
			);
			path = ViewModel;
			sourceTree = "<group>";
		};
		3172541E2B99AE2600ED3E25 = {
			isa = PBXGroup;
			children = (
				317254292B99AE2600ED3E25 /* Gangyebab */,
				317254402B99AE2800ED3E25 /* GangyebabTests */,
				3172544A2B99AE2800ED3E25 /* GangyebabUITests */,
				31D34D602BA7FF100022088B /* GangyebabWidget */,
				31D34D5B2BA7FF100022088B /* Frameworks */,
				317254282B99AE2600ED3E25 /* Products */,
			);
			sourceTree = "<group>";
		};
		317254282B99AE2600ED3E25 /* Products */ = {
			isa = PBXGroup;
			children = (
				317254272B99AE2600ED3E25 /* Gangyebab.app */,
				3172543D2B99AE2800ED3E25 /* GangyebabTests.xctest */,
				317254472B99AE2800ED3E25 /* GangyebabUITests.xctest */,
				31D34D5A2BA7FF100022088B /* GangyebabWidgetExtension.appex */,
			);
			name = Products;
			sourceTree = "<group>";
		};
		317254292B99AE2600ED3E25 /* Gangyebab */ = {
			isa = PBXGroup;
			children = (
				3172542A2B99AE2600ED3E25 /* AppDelegate.swift */,
				3172542C2B99AE2600ED3E25 /* SceneDelegate.swift */,
				317254352B99AE2700ED3E25 /* LaunchScreen.storyboard */,
				317254382B99AE2700ED3E25 /* Info.plist */,
				317254602B99B00E00ED3E25 /* Core */,
				31B8803B2B9E0F3A0087A7A8 /* Resources */,
				317254612B99B14100ED3E25 /* Home */,
				317254622B99B15600ED3E25 /* Setting */,
				317696B42BA1959B00B2C6BF /* AddTodo */,
				310E78442BA302C200E24C7E /* Alert */,
			);
			path = Gangyebab;
			sourceTree = "<group>";
		};
		317254402B99AE2800ED3E25 /* GangyebabTests */ = {
			isa = PBXGroup;
			children = (
				317254412B99AE2800ED3E25 /* GangyebabTests.swift */,
			);
			path = GangyebabTests;
			sourceTree = "<group>";
		};
		3172544A2B99AE2800ED3E25 /* GangyebabUITests */ = {
			isa = PBXGroup;
			children = (
				3172544B2B99AE2800ED3E25 /* GangyebabUITests.swift */,
				3172544D2B99AE2800ED3E25 /* GangyebabUITestsLaunchTests.swift */,
			);
			path = GangyebabUITests;
			sourceTree = "<group>";
		};
		317254602B99B00E00ED3E25 /* Core */ = {
			isa = PBXGroup;
			children = (
				31D496F32BA02C77001FA5FE /* Model */,
				31B880402B9E0FC60087A7A8 /* Extensions */,
				3172545C2B99AFC800ED3E25 /* NavigationViewController.swift */,
				3172545E2B99B00700ED3E25 /* TabViewController.swift */,
				315A9FAF2BA044BD00C1CF63 /* ViewModel.swift */,
				31E9CE872BA6C04800B52CD8 /* DBManager.swift */,
				31E9CE892BA6DEE000B52CD8 /* DateManager.swift */,
			);
			path = Core;
			sourceTree = "<group>";
		};
		317254612B99B14100ED3E25 /* Home */ = {
			isa = PBXGroup;
			children = (
				315A9FAC2BA0441400C1CF63 /* ViewModel */,
				317254632B99B16800ED3E25 /* View */,
			);
			path = Home;
			sourceTree = "<group>";
		};
		317254622B99B15600ED3E25 /* Setting */ = {
			isa = PBXGroup;
			children = (
				310E783F2BA2F51700E24C7E /* ViewModel */,
				317254682B99B18300ED3E25 /* View */,
			);
			path = Setting;
			sourceTree = "<group>";
		};
		317254632B99B16800ED3E25 /* View */ = {
			isa = PBXGroup;
			children = (
				317254642B99B17E00ED3E25 /* HomeViewController.swift */,
				317254652B99B17E00ED3E25 /* HomeViewController.xib */,
				31D496E02BA017D5001FA5FE /* HomeSegmentedControl.swift */,
				315A9FA82BA03EB900C1CF63 /* HomeSegmentedControl.xib */,
				315A9FA22BA03BA000C1CF63 /* TodoHeaderSupplementaryView.swift */,
				315A9FA32BA03BA000C1CF63 /* TodoHeaderSupplementaryView.xib */,
				31D496F22BA02BB8001FA5FE /* Cell */,
			);
			path = View;
			sourceTree = "<group>";
		};
		317254682B99B18300ED3E25 /* View */ = {
			isa = PBXGroup;
			children = (
				317254692B99B19200ED3E25 /* SettingViewController.swift */,
				3172546A2B99B19200ED3E25 /* SettingViewController.xib */,
			);
			path = View;
			sourceTree = "<group>";
		};
		317696B42BA1959B00B2C6BF /* AddTodo */ = {
			isa = PBXGroup;
			children = (
				315D0DF52BA1A84300F647DB /* ViewModel */,
				317696B52BA195A600B2C6BF /* View */,
			);
			path = AddTodo;
			sourceTree = "<group>";
		};
		317696B52BA195A600B2C6BF /* View */ = {
			isa = PBXGroup;
			children = (
				317696B62BA195B000B2C6BF /* AddTodoViewController.swift */,
				317696B72BA195B000B2C6BF /* AddTodoViewController.xib */,
			);
			path = View;
			sourceTree = "<group>";
		};
		31B8803B2B9E0F3A0087A7A8 /* Resources */ = {
			isa = PBXGroup;
			children = (
				31B8803C2B9E0F460087A7A8 /* Fonts */,
				317254332B99AE2700ED3E25 /* Assets.xcassets */,
			);
			path = Resources;
			sourceTree = "<group>";
		};
		31B8803C2B9E0F460087A7A8 /* Fonts */ = {
			isa = PBXGroup;
			children = (
				31B8803F2B9E0F8E0087A7A8 /* omyu_pretty.ttf */,
				31B8803E2B9E0F6C0087A7A8 /* SOYO-Maple-Bold.otf */,
				31B8803D2B9E0F6C0087A7A8 /* SOYO-Maple-Regular.otf */,
			);
			path = Fonts;
			sourceTree = "<group>";
		};
		31B880402B9E0FC60087A7A8 /* Extensions */ = {
			isa = PBXGroup;
			children = (
				31B880412B9E0FDE0087A7A8 /* Font+Extensions.swift */,
				315A9FA02BA036E900C1CF63 /* String+extension.swift */,
				310E78422BA2FC2000E24C7E /* UIDevice+extension.swift */,
				31D496E62BA01A98001FA5FE /* UIButton+extension.swift */,
				31B880432B9E10770087A7A8 /* NSObject+extenstions.swift */,
				315A9FAA2BA0413700C1CF63 /* UICollectionView+extension.swift */,
				31D496E42BA019DC001FA5FE /* UIView+extensions.swift */,
			);
			path = Extensions;
			sourceTree = "<group>";
		};
		31D34D5B2BA7FF100022088B /* Frameworks */ = {
			isa = PBXGroup;
			children = (
				31D34D5C2BA7FF100022088B /* WidgetKit.framework */,
				31D34D5E2BA7FF100022088B /* SwiftUI.framework */,
			);
			name = Frameworks;
			sourceTree = "<group>";
		};
		31D34D602BA7FF100022088B /* GangyebabWidget */ = {
			isa = PBXGroup;
			children = (
				31D34D612BA7FF100022088B /* GangyebabWidgetBundle.swift */,
				31D34D632BA7FF100022088B /* GangyebabWidgetLiveActivity.swift */,
				31D34D652BA7FF100022088B /* GangyebabWidget.swift */,
				31D34D672BA7FF100022088B /* AppIntent.swift */,
				31D34D692BA7FF110022088B /* Assets.xcassets */,
				31D34D6B2BA7FF110022088B /* Info.plist */,
			);
			path = GangyebabWidget;
			sourceTree = "<group>";
		};
		31D496F22BA02BB8001FA5FE /* Cell */ = {
			isa = PBXGroup;
			children = (
				31D496EE2BA02BB4001FA5FE /* TodoCollectionViewCell.swift */,
				31D496EF2BA02BB4001FA5FE /* TodoCollectionViewCell.xib */,
			);
			path = Cell;
			sourceTree = "<group>";
		};
		31D496F32BA02C77001FA5FE /* Model */ = {
			isa = PBXGroup;
			children = (
				31D496F82BA02CA1001FA5FE /* Importance.swift */,
				315A9FA62BA03D0F00C1CF63 /* TodoSection.swift */,
				315D0DF82BA1B85900F647DB /* RepeatType.swift */,
				31E9CE832BA6BF7300B52CD8 /* TodoModel.swift */,
				31E9CE852BA6BF7C00B52CD8 /* RepeatRuleModel.swift */,
			);
			path = Model;
			sourceTree = "<group>";
		};
/* End PBXGroup section */

/* Begin PBXNativeTarget section */
		317254262B99AE2600ED3E25 /* Gangyebab */ = {
			isa = PBXNativeTarget;
			buildConfigurationList = 317254512B99AE2800ED3E25 /* Build configuration list for PBXNativeTarget "Gangyebab" */;
			buildPhases = (
				317254232B99AE2600ED3E25 /* Sources */,
				317254242B99AE2600ED3E25 /* Frameworks */,
				317254252B99AE2600ED3E25 /* Resources */,
				31D34D6F2BA7FF110022088B /* Embed Foundation Extensions */,
			);
			buildRules = (
			);
			dependencies = (
				31D34D6D2BA7FF110022088B /* PBXTargetDependency */,
			);
			name = Gangyebab;
			packageProductDependencies = (
				31D496E92BA01AF4001FA5FE /* CombineCocoa */,
				31D496EC2BA021E2001FA5FE /* FSCalendar */,
			);
			productName = Gangyebab;
			productReference = 317254272B99AE2600ED3E25 /* Gangyebab.app */;
			productType = "com.apple.product-type.application";
		};
		3172543C2B99AE2800ED3E25 /* GangyebabTests */ = {
			isa = PBXNativeTarget;
			buildConfigurationList = 317254542B99AE2800ED3E25 /* Build configuration list for PBXNativeTarget "GangyebabTests" */;
			buildPhases = (
				317254392B99AE2800ED3E25 /* Sources */,
				3172543A2B99AE2800ED3E25 /* Frameworks */,
				3172543B2B99AE2800ED3E25 /* Resources */,
			);
			buildRules = (
			);
			dependencies = (
				3172543F2B99AE2800ED3E25 /* PBXTargetDependency */,
			);
			name = GangyebabTests;
			productName = GangyebabTests;
			productReference = 3172543D2B99AE2800ED3E25 /* GangyebabTests.xctest */;
			productType = "com.apple.product-type.bundle.unit-test";
		};
		317254462B99AE2800ED3E25 /* GangyebabUITests */ = {
			isa = PBXNativeTarget;
			buildConfigurationList = 317254572B99AE2800ED3E25 /* Build configuration list for PBXNativeTarget "GangyebabUITests" */;
			buildPhases = (
				317254432B99AE2800ED3E25 /* Sources */,
				317254442B99AE2800ED3E25 /* Frameworks */,
				317254452B99AE2800ED3E25 /* Resources */,
			);
			buildRules = (
			);
			dependencies = (
				317254492B99AE2800ED3E25 /* PBXTargetDependency */,
			);
			name = GangyebabUITests;
			productName = GangyebabUITests;
			productReference = 317254472B99AE2800ED3E25 /* GangyebabUITests.xctest */;
			productType = "com.apple.product-type.bundle.ui-testing";
		};
		31D34D592BA7FF100022088B /* GangyebabWidgetExtension */ = {
			isa = PBXNativeTarget;
			buildConfigurationList = 31D34D722BA7FF110022088B /* Build configuration list for PBXNativeTarget "GangyebabWidgetExtension" */;
			buildPhases = (
				31D34D562BA7FF100022088B /* Sources */,
				31D34D572BA7FF100022088B /* Frameworks */,
				31D34D582BA7FF100022088B /* Resources */,
			);
			buildRules = (
			);
			dependencies = (
			);
			name = GangyebabWidgetExtension;
			productName = GangyebabWidgetExtension;
			productReference = 31D34D5A2BA7FF100022088B /* GangyebabWidgetExtension.appex */;
			productType = "com.apple.product-type.app-extension";
		};
/* End PBXNativeTarget section */

/* Begin PBXProject section */
		3172541F2B99AE2600ED3E25 /* Project object */ = {
			isa = PBXProject;
			attributes = {
				BuildIndependentTargetsInParallel = 1;
				LastSwiftUpdateCheck = 1530;
				LastUpgradeCheck = 1520;
				TargetAttributes = {
					317254262B99AE2600ED3E25 = {
						CreatedOnToolsVersion = 15.2;
					};
					3172543C2B99AE2800ED3E25 = {
						CreatedOnToolsVersion = 15.2;
						TestTargetID = 317254262B99AE2600ED3E25;
					};
					317254462B99AE2800ED3E25 = {
						CreatedOnToolsVersion = 15.2;
						TestTargetID = 317254262B99AE2600ED3E25;
					};
					31D34D592BA7FF100022088B = {
						CreatedOnToolsVersion = 15.3;
					};
				};
			};
			buildConfigurationList = 317254222B99AE2600ED3E25 /* Build configuration list for PBXProject "Gangyebab" */;
			compatibilityVersion = "Xcode 14.0";
			developmentRegion = en;
			hasScannedForEncodings = 0;
			knownRegions = (
				en,
				Base,
			);
			mainGroup = 3172541E2B99AE2600ED3E25;
			packageReferences = (
				31D496E82BA01AF4001FA5FE /* XCRemoteSwiftPackageReference "CombineCocoa" */,
				31D496EB2BA021E2001FA5FE /* XCRemoteSwiftPackageReference "FSCalendar" */,
			);
			productRefGroup = 317254282B99AE2600ED3E25 /* Products */;
			projectDirPath = "";
			projectRoot = "";
			targets = (
				317254262B99AE2600ED3E25 /* Gangyebab */,
				3172543C2B99AE2800ED3E25 /* GangyebabTests */,
				317254462B99AE2800ED3E25 /* GangyebabUITests */,
				31D34D592BA7FF100022088B /* GangyebabWidgetExtension */,
			);
		};
/* End PBXProject section */

/* Begin PBXResourcesBuildPhase section */
		317254252B99AE2600ED3E25 /* Resources */ = {
			isa = PBXResourcesBuildPhase;
			buildActionMask = 2147483647;
			files = (
				31D496FA2BA02EAB001FA5FE /* omyu_pretty.ttf in Resources */,
				31D496FB2BA02EAB001FA5FE /* SOYO-Maple-Bold.otf in Resources */,
				31D496FC2BA02EAB001FA5FE /* SOYO-Maple-Regular.otf in Resources */,
				317254372B99AE2700ED3E25 /* LaunchScreen.storyboard in Resources */,
				310E784C2BA3051F00E24C7E /* CustomAlertViewController.xib in Resources */,
				315A9FA42BA03BA000C1CF63 /* TodoHeaderSupplementaryView.xib in Resources */,
				317254342B99AE2700ED3E25 /* Assets.xcassets in Resources */,
				317254672B99B17E00ED3E25 /* HomeViewController.xib in Resources */,
				317696B82BA195B000B2C6BF /* AddTodoViewController.xib in Resources */,
				3172546C2B99B19200ED3E25 /* SettingViewController.xib in Resources */,
				31D496F02BA02BB4001FA5FE /* TodoCollectionViewCell.xib in Resources */,
				315A9FA92BA03EB900C1CF63 /* HomeSegmentedControl.xib in Resources */,
			);
			runOnlyForDeploymentPostprocessing = 0;
		};
		3172543B2B99AE2800ED3E25 /* Resources */ = {
			isa = PBXResourcesBuildPhase;
			buildActionMask = 2147483647;
			files = (
			);
			runOnlyForDeploymentPostprocessing = 0;
		};
		317254452B99AE2800ED3E25 /* Resources */ = {
			isa = PBXResourcesBuildPhase;
			buildActionMask = 2147483647;
			files = (
			);
			runOnlyForDeploymentPostprocessing = 0;
		};
		31D34D582BA7FF100022088B /* Resources */ = {
			isa = PBXResourcesBuildPhase;
			buildActionMask = 2147483647;
			files = (
				31D34D6A2BA7FF110022088B /* Assets.xcassets in Resources */,
			);
			runOnlyForDeploymentPostprocessing = 0;
		};
/* End PBXResourcesBuildPhase section */

/* Begin PBXSourcesBuildPhase section */
		317254232B99AE2600ED3E25 /* Sources */ = {
			isa = PBXSourcesBuildPhase;
			buildActionMask = 2147483647;
			files = (
				317254662B99B17E00ED3E25 /* HomeViewController.swift in Sources */,
				310E78432BA2FC2000E24C7E /* UIDevice+extension.swift in Sources */,
				315A9FAE2BA0441F00C1CF63 /* HomeViewModel.swift in Sources */,
				31D496E12BA017D5001FA5FE /* HomeSegmentedControl.swift in Sources */,
				31D496E72BA01A98001FA5FE /* UIButton+extension.swift in Sources */,
				31E9CE842BA6BF7300B52CD8 /* TodoModel.swift in Sources */,
				3172545F2B99B00700ED3E25 /* TabViewController.swift in Sources */,
				31D496F12BA02BB4001FA5FE /* TodoCollectionViewCell.swift in Sources */,
				3172545D2B99AFC800ED3E25 /* NavigationViewController.swift in Sources */,
				31B880422B9E0FDE0087A7A8 /* Font+Extensions.swift in Sources */,
				310E78522BA312C400E24C7E /* AlertBuilder.swift in Sources */,
				315A9FA72BA03D0F00C1CF63 /* TodoSection.swift in Sources */,
				31E9CE862BA6BF7C00B52CD8 /* RepeatRuleModel.swift in Sources */,
				31B880442B9E10770087A7A8 /* NSObject+extenstions.swift in Sources */,
				310E784D2BA3051F00E24C7E /* CustomAlertViewController.swift in Sources */,
				315D0DF72BA1A85100F647DB /* AddTodoViewModel.swift in Sources */,
				315A9FAB2BA0413700C1CF63 /* UICollectionView+extension.swift in Sources */,
				315A9FB02BA044BD00C1CF63 /* ViewModel.swift in Sources */,
				31D496E52BA019DC001FA5FE /* UIView+extensions.swift in Sources */,
				3172542B2B99AE2600ED3E25 /* AppDelegate.swift in Sources */,
				310E78412BA2F52300E24C7E /* SettingViewModel.swift in Sources */,
				31E9CE8A2BA6DEE000B52CD8 /* DateManager.swift in Sources */,
				310E78502BA3098B00E24C7E /* CustomAlertViewModel.swift in Sources */,
				3172542D2B99AE2600ED3E25 /* SceneDelegate.swift in Sources */,
				315D0DF92BA1B85900F647DB /* RepeatType.swift in Sources */,
				3172546B2B99B19200ED3E25 /* SettingViewController.swift in Sources */,
				31E9CE882BA6C04800B52CD8 /* DBManager.swift in Sources */,
				317696B92BA195B000B2C6BF /* AddTodoViewController.swift in Sources */,
				315A9FA52BA03BA000C1CF63 /* TodoHeaderSupplementaryView.swift in Sources */,
				315A9FA12BA036E900C1CF63 /* String+extension.swift in Sources */,
				31D496F92BA02CA1001FA5FE /* Importance.swift in Sources */,
			);
			runOnlyForDeploymentPostprocessing = 0;
		};
		317254392B99AE2800ED3E25 /* Sources */ = {
			isa = PBXSourcesBuildPhase;
			buildActionMask = 2147483647;
			files = (
				317254422B99AE2800ED3E25 /* GangyebabTests.swift in Sources */,
			);
			runOnlyForDeploymentPostprocessing = 0;
		};
		317254432B99AE2800ED3E25 /* Sources */ = {
			isa = PBXSourcesBuildPhase;
			buildActionMask = 2147483647;
			files = (
				3172544C2B99AE2800ED3E25 /* GangyebabUITests.swift in Sources */,
				3172544E2B99AE2800ED3E25 /* GangyebabUITestsLaunchTests.swift in Sources */,
			);
			runOnlyForDeploymentPostprocessing = 0;
		};
		31D34D562BA7FF100022088B /* Sources */ = {
			isa = PBXSourcesBuildPhase;
			buildActionMask = 2147483647;
			files = (
				31D34D622BA7FF100022088B /* GangyebabWidgetBundle.swift in Sources */,
				31D34D682BA7FF100022088B /* AppIntent.swift in Sources */,
				31D34D662BA7FF100022088B /* GangyebabWidget.swift in Sources */,
				31D34D642BA7FF100022088B /* GangyebabWidgetLiveActivity.swift in Sources */,
			);
			runOnlyForDeploymentPostprocessing = 0;
		};
/* End PBXSourcesBuildPhase section */

/* Begin PBXTargetDependency section */
		3172543F2B99AE2800ED3E25 /* PBXTargetDependency */ = {
			isa = PBXTargetDependency;
			target = 317254262B99AE2600ED3E25 /* Gangyebab */;
			targetProxy = 3172543E2B99AE2800ED3E25 /* PBXContainerItemProxy */;
		};
		317254492B99AE2800ED3E25 /* PBXTargetDependency */ = {
			isa = PBXTargetDependency;
			target = 317254262B99AE2600ED3E25 /* Gangyebab */;
			targetProxy = 317254482B99AE2800ED3E25 /* PBXContainerItemProxy */;
		};
		31D34D6D2BA7FF110022088B /* PBXTargetDependency */ = {
			isa = PBXTargetDependency;
			target = 31D34D592BA7FF100022088B /* GangyebabWidgetExtension */;
			targetProxy = 31D34D6C2BA7FF110022088B /* PBXContainerItemProxy */;
		};
/* End PBXTargetDependency section */

/* Begin PBXVariantGroup section */
		317254352B99AE2700ED3E25 /* LaunchScreen.storyboard */ = {
			isa = PBXVariantGroup;
			children = (
				317254362B99AE2700ED3E25 /* Base */,
			);
			name = LaunchScreen.storyboard;
			sourceTree = "<group>";
		};
/* End PBXVariantGroup section */

/* Begin XCBuildConfiguration section */
		3172544F2B99AE2800ED3E25 /* Debug */ = {
			isa = XCBuildConfiguration;
			buildSettings = {
				ALWAYS_SEARCH_USER_PATHS = NO;
				ASSETCATALOG_COMPILER_GENERATE_SWIFT_ASSET_SYMBOL_EXTENSIONS = YES;
				CLANG_ANALYZER_NONNULL = YES;
				CLANG_ANALYZER_NUMBER_OBJECT_CONVERSION = YES_AGGRESSIVE;
				CLANG_CXX_LANGUAGE_STANDARD = "gnu++20";
				CLANG_ENABLE_MODULES = YES;
				CLANG_ENABLE_OBJC_ARC = YES;
				CLANG_ENABLE_OBJC_WEAK = YES;
				CLANG_WARN_BLOCK_CAPTURE_AUTORELEASING = YES;
				CLANG_WARN_BOOL_CONVERSION = YES;
				CLANG_WARN_COMMA = YES;
				CLANG_WARN_CONSTANT_CONVERSION = YES;
				CLANG_WARN_DEPRECATED_OBJC_IMPLEMENTATIONS = YES;
				CLANG_WARN_DIRECT_OBJC_ISA_USAGE = YES_ERROR;
				CLANG_WARN_DOCUMENTATION_COMMENTS = YES;
				CLANG_WARN_EMPTY_BODY = YES;
				CLANG_WARN_ENUM_CONVERSION = YES;
				CLANG_WARN_INFINITE_RECURSION = YES;
				CLANG_WARN_INT_CONVERSION = YES;
				CLANG_WARN_NON_LITERAL_NULL_CONVERSION = YES;
				CLANG_WARN_OBJC_IMPLICIT_RETAIN_SELF = YES;
				CLANG_WARN_OBJC_LITERAL_CONVERSION = YES;
				CLANG_WARN_OBJC_ROOT_CLASS = YES_ERROR;
				CLANG_WARN_QUOTED_INCLUDE_IN_FRAMEWORK_HEADER = YES;
				CLANG_WARN_RANGE_LOOP_ANALYSIS = YES;
				CLANG_WARN_STRICT_PROTOTYPES = YES;
				CLANG_WARN_SUSPICIOUS_MOVE = YES;
				CLANG_WARN_UNGUARDED_AVAILABILITY = YES_AGGRESSIVE;
				CLANG_WARN_UNREACHABLE_CODE = YES;
				CLANG_WARN__DUPLICATE_METHOD_MATCH = YES;
				COPY_PHASE_STRIP = NO;
				DEBUG_INFORMATION_FORMAT = dwarf;
				ENABLE_STRICT_OBJC_MSGSEND = YES;
				ENABLE_TESTABILITY = YES;
				ENABLE_USER_SCRIPT_SANDBOXING = YES;
				GCC_C_LANGUAGE_STANDARD = gnu17;
				GCC_DYNAMIC_NO_PIC = NO;
				GCC_NO_COMMON_BLOCKS = YES;
				GCC_OPTIMIZATION_LEVEL = 0;
				GCC_PREPROCESSOR_DEFINITIONS = (
					"DEBUG=1",
					"$(inherited)",
				);
				GCC_WARN_64_TO_32_BIT_CONVERSION = YES;
				GCC_WARN_ABOUT_RETURN_TYPE = YES_ERROR;
				GCC_WARN_UNDECLARED_SELECTOR = YES;
				GCC_WARN_UNINITIALIZED_AUTOS = YES_AGGRESSIVE;
				GCC_WARN_UNUSED_FUNCTION = YES;
				GCC_WARN_UNUSED_VARIABLE = YES;
				IPHONEOS_DEPLOYMENT_TARGET = 17.2;
				LOCALIZATION_PREFERS_STRING_CATALOGS = YES;
				MTL_ENABLE_DEBUG_INFO = INCLUDE_SOURCE;
				MTL_FAST_MATH = YES;
				ONLY_ACTIVE_ARCH = YES;
				SDKROOT = iphoneos;
				SWIFT_ACTIVE_COMPILATION_CONDITIONS = "DEBUG $(inherited)";
				SWIFT_OPTIMIZATION_LEVEL = "-Onone";
			};
			name = Debug;
		};
		317254502B99AE2800ED3E25 /* Release */ = {
			isa = XCBuildConfiguration;
			buildSettings = {
				ALWAYS_SEARCH_USER_PATHS = NO;
				ASSETCATALOG_COMPILER_GENERATE_SWIFT_ASSET_SYMBOL_EXTENSIONS = YES;
				CLANG_ANALYZER_NONNULL = YES;
				CLANG_ANALYZER_NUMBER_OBJECT_CONVERSION = YES_AGGRESSIVE;
				CLANG_CXX_LANGUAGE_STANDARD = "gnu++20";
				CLANG_ENABLE_MODULES = YES;
				CLANG_ENABLE_OBJC_ARC = YES;
				CLANG_ENABLE_OBJC_WEAK = YES;
				CLANG_WARN_BLOCK_CAPTURE_AUTORELEASING = YES;
				CLANG_WARN_BOOL_CONVERSION = YES;
				CLANG_WARN_COMMA = YES;
				CLANG_WARN_CONSTANT_CONVERSION = YES;
				CLANG_WARN_DEPRECATED_OBJC_IMPLEMENTATIONS = YES;
				CLANG_WARN_DIRECT_OBJC_ISA_USAGE = YES_ERROR;
				CLANG_WARN_DOCUMENTATION_COMMENTS = YES;
				CLANG_WARN_EMPTY_BODY = YES;
				CLANG_WARN_ENUM_CONVERSION = YES;
				CLANG_WARN_INFINITE_RECURSION = YES;
				CLANG_WARN_INT_CONVERSION = YES;
				CLANG_WARN_NON_LITERAL_NULL_CONVERSION = YES;
				CLANG_WARN_OBJC_IMPLICIT_RETAIN_SELF = YES;
				CLANG_WARN_OBJC_LITERAL_CONVERSION = YES;
				CLANG_WARN_OBJC_ROOT_CLASS = YES_ERROR;
				CLANG_WARN_QUOTED_INCLUDE_IN_FRAMEWORK_HEADER = YES;
				CLANG_WARN_RANGE_LOOP_ANALYSIS = YES;
				CLANG_WARN_STRICT_PROTOTYPES = YES;
				CLANG_WARN_SUSPICIOUS_MOVE = YES;
				CLANG_WARN_UNGUARDED_AVAILABILITY = YES_AGGRESSIVE;
				CLANG_WARN_UNREACHABLE_CODE = YES;
				CLANG_WARN__DUPLICATE_METHOD_MATCH = YES;
				COPY_PHASE_STRIP = NO;
				DEBUG_INFORMATION_FORMAT = "dwarf-with-dsym";
				ENABLE_NS_ASSERTIONS = NO;
				ENABLE_STRICT_OBJC_MSGSEND = YES;
				ENABLE_USER_SCRIPT_SANDBOXING = YES;
				GCC_C_LANGUAGE_STANDARD = gnu17;
				GCC_NO_COMMON_BLOCKS = YES;
				GCC_WARN_64_TO_32_BIT_CONVERSION = YES;
				GCC_WARN_ABOUT_RETURN_TYPE = YES_ERROR;
				GCC_WARN_UNDECLARED_SELECTOR = YES;
				GCC_WARN_UNINITIALIZED_AUTOS = YES_AGGRESSIVE;
				GCC_WARN_UNUSED_FUNCTION = YES;
				GCC_WARN_UNUSED_VARIABLE = YES;
				IPHONEOS_DEPLOYMENT_TARGET = 17.2;
				LOCALIZATION_PREFERS_STRING_CATALOGS = YES;
				MTL_ENABLE_DEBUG_INFO = NO;
				MTL_FAST_MATH = YES;
				SDKROOT = iphoneos;
				SWIFT_COMPILATION_MODE = wholemodule;
				VALIDATE_PRODUCT = YES;
			};
			name = Release;
		};
		317254522B99AE2800ED3E25 /* Debug */ = {
			isa = XCBuildConfiguration;
			buildSettings = {
				ALWAYS_EMBED_SWIFT_STANDARD_LIBRARIES = YES;
				ASSETCATALOG_COMPILER_APPICON_NAME = AppIcon;
				ASSETCATALOG_COMPILER_GLOBAL_ACCENT_COLOR_NAME = AccentColor;
				"CODE_SIGN_IDENTITY[sdk=iphoneos*]" = "iPhone Developer";
				CODE_SIGN_STYLE = Manual;
				CURRENT_PROJECT_VERSION = 1;
				DEVELOPMENT_TEAM = "";
				"DEVELOPMENT_TEAM[sdk=iphoneos*]" = VKW8W27KRV;
				GENERATE_INFOPLIST_FILE = YES;
				INFOPLIST_FILE = Gangyebab/Info.plist;
				INFOPLIST_KEY_CFBundleDisplayName = "간계밥";
				INFOPLIST_KEY_UIApplicationSupportsIndirectInputEvents = YES;
				INFOPLIST_KEY_UILaunchStoryboardName = LaunchScreen;
				INFOPLIST_KEY_UIMainStoryboardFile = "";
				INFOPLIST_KEY_UISupportedInterfaceOrientations_iPad = "UIInterfaceOrientationPortrait UIInterfaceOrientationPortraitUpsideDown UIInterfaceOrientationLandscapeLeft UIInterfaceOrientationLandscapeRight";
				INFOPLIST_KEY_UISupportedInterfaceOrientations_iPhone = "UIInterfaceOrientationPortrait UIInterfaceOrientationLandscapeLeft UIInterfaceOrientationLandscapeRight";
				LD_RUNPATH_SEARCH_PATHS = (
					"$(inherited)",
					"@executable_path/Frameworks",
				);
				MARKETING_VERSION = 1.0;
				PRODUCT_BUNDLE_IDENTIFIER = taipaise.Gangyebab;
				PRODUCT_NAME = "$(TARGET_NAME)";
				PROVISIONING_PROFILE_SPECIFIER = "";
				"PROVISIONING_PROFILE_SPECIFIER[sdk=iphoneos*]" = gangyebab_development;
				SWIFT_EMIT_LOC_STRINGS = YES;
				SWIFT_VERSION = 5.0;
				TARGETED_DEVICE_FAMILY = "1,2";
			};
			name = Debug;
		};
		317254532B99AE2800ED3E25 /* Release */ = {
			isa = XCBuildConfiguration;
			buildSettings = {
				ALWAYS_EMBED_SWIFT_STANDARD_LIBRARIES = YES;
				ASSETCATALOG_COMPILER_APPICON_NAME = AppIcon;
				ASSETCATALOG_COMPILER_GLOBAL_ACCENT_COLOR_NAME = AccentColor;
				"CODE_SIGN_IDENTITY[sdk=iphoneos*]" = "iPhone Distribution";
				CODE_SIGN_STYLE = Manual;
				CURRENT_PROJECT_VERSION = 1;
				DEVELOPMENT_TEAM = "";
				"DEVELOPMENT_TEAM[sdk=iphoneos*]" = VKW8W27KRV;
				GENERATE_INFOPLIST_FILE = YES;
				INFOPLIST_FILE = Gangyebab/Info.plist;
				INFOPLIST_KEY_CFBundleDisplayName = "간계밥";
				INFOPLIST_KEY_UIApplicationSupportsIndirectInputEvents = YES;
				INFOPLIST_KEY_UILaunchStoryboardName = LaunchScreen;
				INFOPLIST_KEY_UIMainStoryboardFile = "";
				INFOPLIST_KEY_UISupportedInterfaceOrientations_iPad = "UIInterfaceOrientationPortrait UIInterfaceOrientationPortraitUpsideDown UIInterfaceOrientationLandscapeLeft UIInterfaceOrientationLandscapeRight";
				INFOPLIST_KEY_UISupportedInterfaceOrientations_iPhone = "UIInterfaceOrientationPortrait UIInterfaceOrientationLandscapeLeft UIInterfaceOrientationLandscapeRight";
				LD_RUNPATH_SEARCH_PATHS = (
					"$(inherited)",
					"@executable_path/Frameworks",
				);
				MARKETING_VERSION = 1.0;
				PRODUCT_BUNDLE_IDENTIFIER = taipaise.Gangyebab;
				PRODUCT_NAME = "$(TARGET_NAME)";
				PROVISIONING_PROFILE_SPECIFIER = "";
				"PROVISIONING_PROFILE_SPECIFIER[sdk=iphoneos*]" = gangyebab_distribution;
				SWIFT_EMIT_LOC_STRINGS = YES;
				SWIFT_VERSION = 5.0;
				TARGETED_DEVICE_FAMILY = "1,2";
			};
			name = Release;
		};
		317254552B99AE2800ED3E25 /* Debug */ = {
			isa = XCBuildConfiguration;
			buildSettings = {
				ALWAYS_EMBED_SWIFT_STANDARD_LIBRARIES = YES;
				BUNDLE_LOADER = "$(TEST_HOST)";
				CODE_SIGN_STYLE = Automatic;
				CURRENT_PROJECT_VERSION = 1;
				DEVELOPMENT_TEAM = VKW8W27KRV;
				GENERATE_INFOPLIST_FILE = YES;
				IPHONEOS_DEPLOYMENT_TARGET = 17.2;
				MARKETING_VERSION = 1.0;
				PRODUCT_BUNDLE_IDENTIFIER = taipaise.GangyebabTests;
				PRODUCT_NAME = "$(TARGET_NAME)";
				SWIFT_EMIT_LOC_STRINGS = NO;
				SWIFT_VERSION = 5.0;
				TARGETED_DEVICE_FAMILY = "1,2";
				TEST_HOST = "$(BUILT_PRODUCTS_DIR)/Gangyebab.app/$(BUNDLE_EXECUTABLE_FOLDER_PATH)/Gangyebab";
			};
			name = Debug;
		};
		317254562B99AE2800ED3E25 /* Release */ = {
			isa = XCBuildConfiguration;
			buildSettings = {
				ALWAYS_EMBED_SWIFT_STANDARD_LIBRARIES = YES;
				BUNDLE_LOADER = "$(TEST_HOST)";
				CODE_SIGN_STYLE = Automatic;
				CURRENT_PROJECT_VERSION = 1;
				DEVELOPMENT_TEAM = VKW8W27KRV;
				GENERATE_INFOPLIST_FILE = YES;
				IPHONEOS_DEPLOYMENT_TARGET = 17.2;
				MARKETING_VERSION = 1.0;
				PRODUCT_BUNDLE_IDENTIFIER = taipaise.GangyebabTests;
				PRODUCT_NAME = "$(TARGET_NAME)";
				SWIFT_EMIT_LOC_STRINGS = NO;
				SWIFT_VERSION = 5.0;
				TARGETED_DEVICE_FAMILY = "1,2";
				TEST_HOST = "$(BUILT_PRODUCTS_DIR)/Gangyebab.app/$(BUNDLE_EXECUTABLE_FOLDER_PATH)/Gangyebab";
			};
			name = Release;
		};
		317254582B99AE2800ED3E25 /* Debug */ = {
			isa = XCBuildConfiguration;
			buildSettings = {
				ALWAYS_EMBED_SWIFT_STANDARD_LIBRARIES = YES;
				CODE_SIGN_STYLE = Automatic;
				CURRENT_PROJECT_VERSION = 1;
				DEVELOPMENT_TEAM = VKW8W27KRV;
				GENERATE_INFOPLIST_FILE = YES;
				MARKETING_VERSION = 1.0;
				PRODUCT_BUNDLE_IDENTIFIER = taipaise.GangyebabUITests;
				PRODUCT_NAME = "$(TARGET_NAME)";
				SWIFT_EMIT_LOC_STRINGS = NO;
				SWIFT_VERSION = 5.0;
				TARGETED_DEVICE_FAMILY = "1,2";
				TEST_TARGET_NAME = Gangyebab;
			};
			name = Debug;
		};
		317254592B99AE2800ED3E25 /* Release */ = {
			isa = XCBuildConfiguration;
			buildSettings = {
				ALWAYS_EMBED_SWIFT_STANDARD_LIBRARIES = YES;
				CODE_SIGN_STYLE = Automatic;
				CURRENT_PROJECT_VERSION = 1;
				DEVELOPMENT_TEAM = VKW8W27KRV;
				GENERATE_INFOPLIST_FILE = YES;
				MARKETING_VERSION = 1.0;
				PRODUCT_BUNDLE_IDENTIFIER = taipaise.GangyebabUITests;
				PRODUCT_NAME = "$(TARGET_NAME)";
				SWIFT_EMIT_LOC_STRINGS = NO;
				SWIFT_VERSION = 5.0;
				TARGETED_DEVICE_FAMILY = "1,2";
				TEST_TARGET_NAME = Gangyebab;
			};
			name = Release;
		};
		31D34D702BA7FF110022088B /* Debug */ = {
			isa = XCBuildConfiguration;
			buildSettings = {
				ASSETCATALOG_COMPILER_GLOBAL_ACCENT_COLOR_NAME = AccentColor;
				ASSETCATALOG_COMPILER_WIDGET_BACKGROUND_COLOR_NAME = WidgetBackground;
				CODE_SIGN_STYLE = Automatic;
				CURRENT_PROJECT_VERSION = 1;
				DEVELOPMENT_TEAM = "";
				GENERATE_INFOPLIST_FILE = YES;
				INFOPLIST_FILE = GangyebabWidget/Info.plist;
				INFOPLIST_KEY_CFBundleDisplayName = GangyebabWidget;
				INFOPLIST_KEY_NSHumanReadableCopyright = "";
				IPHONEOS_DEPLOYMENT_TARGET = 17.4;
				LD_RUNPATH_SEARCH_PATHS = (
					"$(inherited)",
					"@executable_path/Frameworks",
					"@executable_path/../../Frameworks",
				);
				MARKETING_VERSION = 1.0;
				PRODUCT_BUNDLE_IDENTIFIER = taipaise.Gangyebab.GangyebabWidget;
				PRODUCT_NAME = "$(TARGET_NAME)";
				SKIP_INSTALL = YES;
				SWIFT_EMIT_LOC_STRINGS = YES;
				SWIFT_VERSION = 5.0;
				TARGETED_DEVICE_FAMILY = "1,2";
			};
			name = Debug;
		};
		31D34D712BA7FF110022088B /* Release */ = {
			isa = XCBuildConfiguration;
			buildSettings = {
				ASSETCATALOG_COMPILER_GLOBAL_ACCENT_COLOR_NAME = AccentColor;
				ASSETCATALOG_COMPILER_WIDGET_BACKGROUND_COLOR_NAME = WidgetBackground;
				CODE_SIGN_STYLE = Automatic;
				CURRENT_PROJECT_VERSION = 1;
				DEVELOPMENT_TEAM = "";
				GENERATE_INFOPLIST_FILE = YES;
				INFOPLIST_FILE = GangyebabWidget/Info.plist;
				INFOPLIST_KEY_CFBundleDisplayName = GangyebabWidget;
				INFOPLIST_KEY_NSHumanReadableCopyright = "";
				IPHONEOS_DEPLOYMENT_TARGET = 17.4;
				LD_RUNPATH_SEARCH_PATHS = (
					"$(inherited)",
					"@executable_path/Frameworks",
					"@executable_path/../../Frameworks",
				);
				MARKETING_VERSION = 1.0;
				PRODUCT_BUNDLE_IDENTIFIER = taipaise.Gangyebab.GangyebabWidget;
				PRODUCT_NAME = "$(TARGET_NAME)";
				SKIP_INSTALL = YES;
				SWIFT_EMIT_LOC_STRINGS = YES;
				SWIFT_VERSION = 5.0;
				TARGETED_DEVICE_FAMILY = "1,2";
			};
			name = Release;
		};
/* End XCBuildConfiguration section */

/* Begin XCConfigurationList section */
		317254222B99AE2600ED3E25 /* Build configuration list for PBXProject "Gangyebab" */ = {
			isa = XCConfigurationList;
			buildConfigurations = (
				3172544F2B99AE2800ED3E25 /* Debug */,
				317254502B99AE2800ED3E25 /* Release */,
			);
			defaultConfigurationIsVisible = 0;
			defaultConfigurationName = Release;
		};
		317254512B99AE2800ED3E25 /* Build configuration list for PBXNativeTarget "Gangyebab" */ = {
			isa = XCConfigurationList;
			buildConfigurations = (
				317254522B99AE2800ED3E25 /* Debug */,
				317254532B99AE2800ED3E25 /* Release */,
			);
			defaultConfigurationIsVisible = 0;
			defaultConfigurationName = Release;
		};
		317254542B99AE2800ED3E25 /* Build configuration list for PBXNativeTarget "GangyebabTests" */ = {
			isa = XCConfigurationList;
			buildConfigurations = (
				317254552B99AE2800ED3E25 /* Debug */,
				317254562B99AE2800ED3E25 /* Release */,
			);
			defaultConfigurationIsVisible = 0;
			defaultConfigurationName = Release;
		};
		317254572B99AE2800ED3E25 /* Build configuration list for PBXNativeTarget "GangyebabUITests" */ = {
			isa = XCConfigurationList;
			buildConfigurations = (
				317254582B99AE2800ED3E25 /* Debug */,
				317254592B99AE2800ED3E25 /* Release */,
			);
			defaultConfigurationIsVisible = 0;
			defaultConfigurationName = Release;
		};
		31D34D722BA7FF110022088B /* Build configuration list for PBXNativeTarget "GangyebabWidgetExtension" */ = {
			isa = XCConfigurationList;
			buildConfigurations = (
				31D34D702BA7FF110022088B /* Debug */,
				31D34D712BA7FF110022088B /* Release */,
			);
			defaultConfigurationIsVisible = 0;
			defaultConfigurationName = Release;
		};
/* End XCConfigurationList section */

/* Begin XCRemoteSwiftPackageReference section */
		31D496E82BA01AF4001FA5FE /* XCRemoteSwiftPackageReference "CombineCocoa" */ = {
			isa = XCRemoteSwiftPackageReference;
			repositoryURL = "https://github.com/CombineCommunity/CombineCocoa.git";
			requirement = {
				kind = upToNextMajorVersion;
				minimumVersion = 0.4.1;
			};
		};
		31D496EB2BA021E2001FA5FE /* XCRemoteSwiftPackageReference "FSCalendar" */ = {
			isa = XCRemoteSwiftPackageReference;
			repositoryURL = "https://github.com/WenchaoD/FSCalendar.git";
			requirement = {
				kind = upToNextMajorVersion;
				minimumVersion = 2.8.4;
			};
		};
/* End XCRemoteSwiftPackageReference section */

/* Begin XCSwiftPackageProductDependency section */
		31D496E92BA01AF4001FA5FE /* CombineCocoa */ = {
			isa = XCSwiftPackageProductDependency;
			package = 31D496E82BA01AF4001FA5FE /* XCRemoteSwiftPackageReference "CombineCocoa" */;
			productName = CombineCocoa;
		};
		31D496EC2BA021E2001FA5FE /* FSCalendar */ = {
			isa = XCSwiftPackageProductDependency;
			package = 31D496EB2BA021E2001FA5FE /* XCRemoteSwiftPackageReference "FSCalendar" */;
			productName = FSCalendar;
		};
/* End XCSwiftPackageProductDependency section */
	};
	rootObject = 3172541F2B99AE2600ED3E25 /* Project object */;
}
